
Microsoft Visual Studio Solution File, Format Version 12.00
# Visual Studio Version 16
VisualStudioVersion = 16.0.31515.178
MinimumVisualStudioVersion = 10.0.40219.1
Project("{FAE04EC0-301F-11D3-BF4B-00C04F79EFBC}") = "Exerc_s11_e155", "Exerc_s11_e155\Exerc_s11_e155.csproj", "{27AAD750-975B-4603-A68D-38B4B28F015F}"
EndProject
Global
	GlobalSection(SolutionConfigurationPlatforms) = preSolution
		Debug|Any CPU = Debug|Any CPU
		Release|Any CPU = Release|Any CPU
	EndGlobalSection
	GlobalSection(ProjectConfigurationPlatforms) = postSolution
		{27AAD750-975B-4603-A68D-38B4B28F015F}.Debug|Any CPU.ActiveCfg = Debug|Any CPU
		{27AAD750-975B-4603-A68D-38B4B28F015F}.Debug|Any CPU.Build.0 = Debug|Any CPU
		{27AAD750-975B-4603-A68D-38B4B28F015F}.Release|Any CPU.ActiveCfg = Release|Any CPU
		{27AAD750-975B-4603-A68D-38B4B28F015F}.Release|Any CPU.Build.0 = Release|Any CPU
	EndGlobalSection
	GlobalSection(SolutionProperties) = preSolution
		HideSolutionNode = FALSE
	EndGlobalSection
	GlobalSection(ExtensibilityGlobals) = postSolution
		SolutionGuid = {6EBBB8CA-140D-4B13-9C4C-E66EF5B96BC3}
	EndGlobalSection
EndGlobal
