
Microsoft Visual Studio Solution File, Format Version 12.00
# Visual Studio Version 16
VisualStudioVersion = 16.0.31515.178
MinimumVisualStudioVersion = 10.0.40219.1
Project("{FAE04EC0-301F-11D3-BF4B-00C04F79EFBC}") = "Exec_s03_e35", "Exec_s03_e35\Exec_s03_e35.csproj", "{809A39B8-6A24-4965-8A52-1694ABBFBB4D}"
EndProject
Global
	GlobalSection(SolutionConfigurationPlatforms) = preSolution
		Debug|Any CPU = Debug|Any CPU
		Release|Any CPU = Release|Any CPU
	EndGlobalSection
	GlobalSection(ProjectConfigurationPlatforms) = postSolution
		{809A39B8-6A24-4965-8A52-1694ABBFBB4D}.Debug|Any CPU.ActiveCfg = Debug|Any CPU
		{809A39B8-6A24-4965-8A52-1694ABBFBB4D}.Debug|Any CPU.Build.0 = Debug|Any CPU
		{809A39B8-6A24-4965-8A52-1694ABBFBB4D}.Release|Any CPU.ActiveCfg = Release|Any CPU
		{809A39B8-6A24-4965-8A52-1694ABBFBB4D}.Release|Any CPU.Build.0 = Release|Any CPU
	EndGlobalSection
	GlobalSection(SolutionProperties) = preSolution
		HideSolutionNode = FALSE
	EndGlobalSection
	GlobalSection(ExtensibilityGlobals) = postSolution
		SolutionGuid = {A06AA171-345A-484A-9C27-5AAA2A471BC9}
	EndGlobalSection
EndGlobal
